
Microsoft Visual Studio Solution File, Format Version 12.00
# Visual Studio 15
Project("{FAE04EC0-301F-11D3-BF4B-00C04F79EFBC}") = "Assembly-CSharp", "Assembly-CSharp.csproj", "{B2C8179B-3CA2-D375-CEE1-E5E951D8667F}"
EndProject
Project("{FAE04EC0-301F-11D3-BF4B-00C04F79EFBC}") = "Assembly-CSharp-Editor", "Assembly-CSharp-Editor.csproj", "{3B38FF95-503B-86A3-0853-2C95C29FF4F4}"
EndProject
Global
	GlobalSection(SolutionConfigurationPlatforms) = preSolution
		Debug|Any CPU = Debug|Any CPU
		Release|Any CPU = Release|Any CPU
	EndGlobalSection
	GlobalSection(ProjectConfigurationPlatforms) = postSolution
		{B2C8179B-3CA2-D375-CEE1-E5E951D8667F}.Debug|Any CPU.ActiveCfg = Debug|Any CPU
		{B2C8179B-3CA2-D375-CEE1-E5E951D8667F}.Debug|Any CPU.Build.0 = Debug|Any CPU
		{B2C8179B-3CA2-D375-CEE1-E5E951D8667F}.Release|Any CPU.ActiveCfg = Release|Any CPU
		{B2C8179B-3CA2-D375-CEE1-E5E951D8667F}.Release|Any CPU.Build.0 = Release|Any CPU
		{3B38FF95-503B-86A3-0853-2C95C29FF4F4}.Debug|Any CPU.ActiveCfg = Debug|Any CPU
		{3B38FF95-503B-86A3-0853-2C95C29FF4F4}.Debug|Any CPU.Build.0 = Debug|Any CPU
		{3B38FF95-503B-86A3-0853-2C95C29FF4F4}.Release|Any CPU.ActiveCfg = Release|Any CPU
		{3B38FF95-503B-86A3-0853-2C95C29FF4F4}.Release|Any CPU.Build.0 = Release|Any CPU
	EndGlobalSection
	GlobalSection(SolutionProperties) = preSolution
		HideSolutionNode = FALSE
	EndGlobalSection
EndGlobal
